
Microsoft Visual Studio Solution File, Format Version 12.00
# Visual Studio Version 17
VisualStudioVersion = 17.13.35818.85 d17.13
MinimumVisualStudioVersion = 10.0.40219.1
Project("{FAE04EC0-301F-11D3-BF4B-00C04F79EFBC}") = "ProjectManagmentConsoleApp", "ProjectManagmentConsoleApp.csproj", "{50E73BDA-21E8-4E6A-9234-5EC0347A0D0A}"
EndProject
Global
	GlobalSection(SolutionConfigurationPlatforms) = preSolution
		Debug|Any CPU = Debug|Any CPU
		Release|Any CPU = Release|Any CPU
	EndGlobalSection
	GlobalSection(ProjectConfigurationPlatforms) = postSolution
		{50E73BDA-21E8-4E6A-9234-5EC0347A0D0A}.Debug|Any CPU.ActiveCfg = Debug|Any CPU
		{50E73BDA-21E8-4E6A-9234-5EC0347A0D0A}.Debug|Any CPU.Build.0 = Debug|Any CPU
		{50E73BDA-21E8-4E6A-9234-5EC0347A0D0A}.Release|Any CPU.ActiveCfg = Release|Any CPU
		{50E73BDA-21E8-4E6A-9234-5EC0347A0D0A}.Release|Any CPU.Build.0 = Release|Any CPU
	EndGlobalSection
	GlobalSection(SolutionProperties) = preSolution
		HideSolutionNode = FALSE
	EndGlobalSection
	GlobalSection(ExtensibilityGlobals) = postSolution
		SolutionGuid = {5CD89AB8-E5C0-4BC7-A276-9012BBBEF614}
	EndGlobalSection
EndGlobal
